
Microsoft Visual Studio Solution File, Format Version 12.00
# Visual Studio 15
VisualStudioVersion = 15.0.26730.16
MinimumVisualStudioVersion = 10.0.40219.1
Project("{FAE04EC0-301F-11D3-BF4B-00C04F79EFBC}") = "lab7", "lab7\lab7.csproj", "{E9708EE5-C874-4697-BDD3-03D5BA3FC180}"
EndProject
Global
	GlobalSection(SolutionConfigurationPlatforms) = preSolution
		Debug|Any CPU = Debug|Any CPU
		Release|Any CPU = Release|Any CPU
	EndGlobalSection
	GlobalSection(ProjectConfigurationPlatforms) = postSolution
		{E9708EE5-C874-4697-BDD3-03D5BA3FC180}.Debug|Any CPU.ActiveCfg = Debug|Any CPU
		{E9708EE5-C874-4697-BDD3-03D5BA3FC180}.Debug|Any CPU.Build.0 = Debug|Any CPU
		{E9708EE5-C874-4697-BDD3-03D5BA3FC180}.Release|Any CPU.ActiveCfg = Release|Any CPU
		{E9708EE5-C874-4697-BDD3-03D5BA3FC180}.Release|Any CPU.Build.0 = Release|Any CPU
	EndGlobalSection
	GlobalSection(SolutionProperties) = preSolution
		HideSolutionNode = FALSE
	EndGlobalSection
	GlobalSection(ExtensibilityGlobals) = postSolution
		SolutionGuid = {9BD0B656-C8C3-469A-A212-C18CDA1AF8B3}
	EndGlobalSection
EndGlobal
